
Microsoft Visual Studio Solution File, Format Version 12.00
# Visual Studio Version 16
VisualStudioVersion = 16.0.32602.291
MinimumVisualStudioVersion = 10.0.40219.1
Project("{FAE04EC0-301F-11D3-BF4B-00C04F79EFBC}") = "Calculo_Planilla", "Calculo_Planilla.csproj", "{AA07B128-5BB1-44A8-A668-2E3358A8EA56}"
EndProject
Global
	GlobalSection(SolutionConfigurationPlatforms) = preSolution
		Debug|Any CPU = Debug|Any CPU
		Release|Any CPU = Release|Any CPU
	EndGlobalSection
	GlobalSection(ProjectConfigurationPlatforms) = postSolution
		{AA07B128-5BB1-44A8-A668-2E3358A8EA56}.Debug|Any CPU.ActiveCfg = Debug|Any CPU
		{AA07B128-5BB1-44A8-A668-2E3358A8EA56}.Debug|Any CPU.Build.0 = Debug|Any CPU
		{AA07B128-5BB1-44A8-A668-2E3358A8EA56}.Release|Any CPU.ActiveCfg = Release|Any CPU
		{AA07B128-5BB1-44A8-A668-2E3358A8EA56}.Release|Any CPU.Build.0 = Release|Any CPU
	EndGlobalSection
	GlobalSection(SolutionProperties) = preSolution
		HideSolutionNode = FALSE
	EndGlobalSection
	GlobalSection(ExtensibilityGlobals) = postSolution
		SolutionGuid = {089924A2-BA30-4B7B-8276-1E305C4F6B01}
	EndGlobalSection
EndGlobal
